// !$*UTF8*$!
{
	archiveVersion = 1;
	classes = {
	};
	objectVersion = 56;
	objects = {

/* Begin PBXBuildFile section */
		08213776292A5E0100AE4DEA /* ArrayViewModel.swift in Sources */ = {isa = PBXBuildFile; fileRef = 08213775292A5E0100AE4DEA /* ArrayViewModel.swift */; };
		0822BED02927DE02008FF7C4 /* Array.storyboard in Resources */ = {isa = PBXBuildFile; fileRef = 0822BECF2927DE02008FF7C4 /* Array.storyboard */; };
		0822BED22927DE1B008FF7C4 /* ArrayViewController.swift in Sources */ = {isa = PBXBuildFile; fileRef = 0822BED12927DE1B008FF7C4 /* ArrayViewController.swift */; };
		08254FC62948E4840081F190 /* SetViewController.swift in Sources */ = {isa = PBXBuildFile; fileRef = 08254FC52948E4840081F190 /* SetViewController.swift */; };
		08254FC82948E4AF0081F190 /* Set.storyboard in Resources */ = {isa = PBXBuildFile; fileRef = 08254FC72948E4AF0081F190 /* Set.storyboard */; };
		08254FCA2948E4C60081F190 /* SetViewModel.swift in Sources */ = {isa = PBXBuildFile; fileRef = 08254FC92948E4C60081F190 /* SetViewModel.swift */; };
		083F1201294B07D50076F59D /* DictionaryViewController.swift in Sources */ = {isa = PBXBuildFile; fileRef = 083F1200294B07D50076F59D /* DictionaryViewController.swift */; };
		083F1203294B07FC0076F59D /* DictionaryViewModel.swift in Sources */ = {isa = PBXBuildFile; fileRef = 083F1202294B07FC0076F59D /* DictionaryViewModel.swift */; };
		083F1205294B08220076F59D /* DictionaryOperation.swift in Sources */ = {isa = PBXBuildFile; fileRef = 083F1204294B08220076F59D /* DictionaryOperation.swift */; };
		083F1207294B084E0076F59D /* Contact.swift in Sources */ = {isa = PBXBuildFile; fileRef = 083F1206294B084E0076F59D /* Contact.swift */; };
		083F120B294B2B310076F59D /* Dictionary.storyboard in Resources */ = {isa = PBXBuildFile; fileRef = 083F120A294B2B310076F59D /* Dictionary.storyboard */; };
		085904F42927ED3B001E2A49 /* OperationCell.swift in Sources */ = {isa = PBXBuildFile; fileRef = 085904F22927ED3B001E2A49 /* OperationCell.swift */; };
		085904F52927ED3B001E2A49 /* OperationCell.xib in Resources */ = {isa = PBXBuildFile; fileRef = 085904F32927ED3B001E2A49 /* OperationCell.xib */; };
		08ABAE71292692BA00CA16EC /* AppDelegate.swift in Sources */ = {isa = PBXBuildFile; fileRef = 08ABAE70292692BA00CA16EC /* AppDelegate.swift */; };
		08ABAE73292692BA00CA16EC /* SceneDelegate.swift in Sources */ = {isa = PBXBuildFile; fileRef = 08ABAE72292692BA00CA16EC /* SceneDelegate.swift */; };
		08ABAE78292692BA00CA16EC /* Collections.storyboard in Resources */ = {isa = PBXBuildFile; fileRef = 08ABAE76292692BA00CA16EC /* Collections.storyboard */; };
		08ABAE7A292692BC00CA16EC /* Assets.xcassets in Resources */ = {isa = PBXBuildFile; fileRef = 08ABAE79292692BC00CA16EC /* Assets.xcassets */; };
		08ABAE7D292692BC00CA16EC /* LaunchScreen.storyboard in Resources */ = {isa = PBXBuildFile; fileRef = 08ABAE7B292692BC00CA16EC /* LaunchScreen.storyboard */; };
		08ABAE852926962E00CA16EC /* CollectionsViewController.swift in Sources */ = {isa = PBXBuildFile; fileRef = 08ABAE842926962E00CA16EC /* CollectionsViewController.swift */; };
		08ABAE872926963F00CA16EC /* Constants.swift in Sources */ = {isa = PBXBuildFile; fileRef = 08ABAE862926963F00CA16EC /* Constants.swift */; };
		08B2932D29394EE100A79CFA /* ArrayOperation.swift in Sources */ = {isa = PBXBuildFile; fileRef = 08B2932C29394EE100A79CFA /* ArrayOperation.swift */; };
/* End PBXBuildFile section */

/* Begin PBXFileReference section */
		08213775292A5E0100AE4DEA /* ArrayViewModel.swift */ = {isa = PBXFileReference; lastKnownFileType = sourcecode.swift; path = ArrayViewModel.swift; sourceTree = "<group>"; };
		0822BECF2927DE02008FF7C4 /* Array.storyboard */ = {isa = PBXFileReference; lastKnownFileType = file.storyboard; path = Array.storyboard; sourceTree = "<group>"; };
		0822BED12927DE1B008FF7C4 /* ArrayViewController.swift */ = {isa = PBXFileReference; lastKnownFileType = sourcecode.swift; path = ArrayViewController.swift; sourceTree = "<group>"; };
		08254FC52948E4840081F190 /* SetViewController.swift */ = {isa = PBXFileReference; lastKnownFileType = sourcecode.swift; path = SetViewController.swift; sourceTree = "<group>"; };
		08254FC72948E4AF0081F190 /* Set.storyboard */ = {isa = PBXFileReference; fileEncoding = 4; lastKnownFileType = file.storyboard; path = Set.storyboard; sourceTree = "<group>"; };
		08254FC92948E4C60081F190 /* SetViewModel.swift */ = {isa = PBXFileReference; lastKnownFileType = sourcecode.swift; path = SetViewModel.swift; sourceTree = "<group>"; };
		083F1200294B07D50076F59D /* DictionaryViewController.swift */ = {isa = PBXFileReference; lastKnownFileType = sourcecode.swift; path = DictionaryViewController.swift; sourceTree = "<group>"; };
		083F1202294B07FC0076F59D /* DictionaryViewModel.swift */ = {isa = PBXFileReference; lastKnownFileType = sourcecode.swift; path = DictionaryViewModel.swift; sourceTree = "<group>"; };
		083F1204294B08220076F59D /* DictionaryOperation.swift */ = {isa = PBXFileReference; lastKnownFileType = sourcecode.swift; path = DictionaryOperation.swift; sourceTree = "<group>"; };
		083F1206294B084E0076F59D /* Contact.swift */ = {isa = PBXFileReference; lastKnownFileType = sourcecode.swift; path = Contact.swift; sourceTree = "<group>"; };
		083F120A294B2B310076F59D /* Dictionary.storyboard */ = {isa = PBXFileReference; lastKnownFileType = file.storyboard; path = Dictionary.storyboard; sourceTree = "<group>"; };
		085904F22927ED3B001E2A49 /* OperationCell.swift */ = {isa = PBXFileReference; lastKnownFileType = sourcecode.swift; path = OperationCell.swift; sourceTree = "<group>"; };
		085904F32927ED3B001E2A49 /* OperationCell.xib */ = {isa = PBXFileReference; lastKnownFileType = file.xib; path = OperationCell.xib; sourceTree = "<group>"; };
		08ABAE6D292692BA00CA16EC /* Collections.app */ = {isa = PBXFileReference; explicitFileType = wrapper.application; includeInIndex = 0; path = Collections.app; sourceTree = BUILT_PRODUCTS_DIR; };
		08ABAE70292692BA00CA16EC /* AppDelegate.swift */ = {isa = PBXFileReference; lastKnownFileType = sourcecode.swift; path = AppDelegate.swift; sourceTree = "<group>"; };
		08ABAE72292692BA00CA16EC /* SceneDelegate.swift */ = {isa = PBXFileReference; lastKnownFileType = sourcecode.swift; path = SceneDelegate.swift; sourceTree = "<group>"; };
		08ABAE77292692BA00CA16EC /* Base */ = {isa = PBXFileReference; lastKnownFileType = file.storyboard; name = Base; path = Base.lproj/Collections.storyboard; sourceTree = "<group>"; };
		08ABAE79292692BC00CA16EC /* Assets.xcassets */ = {isa = PBXFileReference; lastKnownFileType = folder.assetcatalog; path = Assets.xcassets; sourceTree = "<group>"; };
		08ABAE7C292692BC00CA16EC /* Base */ = {isa = PBXFileReference; lastKnownFileType = file.storyboard; name = Base; path = Base.lproj/LaunchScreen.storyboard; sourceTree = "<group>"; };
		08ABAE7E292692BC00CA16EC /* Info.plist */ = {isa = PBXFileReference; lastKnownFileType = text.plist.xml; path = Info.plist; sourceTree = "<group>"; };
		08ABAE842926962E00CA16EC /* CollectionsViewController.swift */ = {isa = PBXFileReference; lastKnownFileType = sourcecode.swift; path = CollectionsViewController.swift; sourceTree = "<group>"; };
		08ABAE862926963F00CA16EC /* Constants.swift */ = {isa = PBXFileReference; lastKnownFileType = sourcecode.swift; path = Constants.swift; sourceTree = "<group>"; };
		08B2932C29394EE100A79CFA /* ArrayOperation.swift */ = {isa = PBXFileReference; lastKnownFileType = sourcecode.swift; path = ArrayOperation.swift; sourceTree = "<group>"; };
/* End PBXFileReference section */

/* Begin PBXFrameworksBuildPhase section */
		08ABAE6A292692BA00CA16EC /* Frameworks */ = {
			isa = PBXFrameworksBuildPhase;
			buildActionMask = 2147483647;
			files = (
			);
			runOnlyForDeploymentPostprocessing = 0;
		};
/* End PBXFrameworksBuildPhase section */

/* Begin PBXGroup section */
		0822BECE2927DDDC008FF7C4 /* CollectionsScreen */ = {
			isa = PBXGroup;
			children = (
				08ABAE842926962E00CA16EC /* CollectionsViewController.swift */,
				08ABAE76292692BA00CA16EC /* Collections.storyboard */,
			);
			path = CollectionsScreen;
			sourceTree = "<group>";
		};
		0822BED32927DE74008FF7C4 /* ArrayScreen */ = {
			isa = PBXGroup;
			children = (
				08B2932C29394EE100A79CFA /* ArrayOperation.swift */,
				0822BED12927DE1B008FF7C4 /* ArrayViewController.swift */,
				08213775292A5E0100AE4DEA /* ArrayViewModel.swift */,
				0822BECF2927DE02008FF7C4 /* Array.storyboard */,
			);
			path = ArrayScreen;
			sourceTree = "<group>";
		};
		08254FC42948E3FA0081F190 /* SetScreen */ = {
			isa = PBXGroup;
			children = (
				08254FC52948E4840081F190 /* SetViewController.swift */,
				08254FC92948E4C60081F190 /* SetViewModel.swift */,
				08254FC72948E4AF0081F190 /* Set.storyboard */,
			);
			path = SetScreen;
			sourceTree = "<group>";
		};
		083F11FF294B072A0076F59D /* DictionaryScreen */ = {
			isa = PBXGroup;
			children = (
				083F1200294B07D50076F59D /* DictionaryViewController.swift */,
				083F1202294B07FC0076F59D /* DictionaryViewModel.swift */,
				083F1204294B08220076F59D /* DictionaryOperation.swift */,
				083F1206294B084E0076F59D /* Contact.swift */,
				083F120A294B2B310076F59D /* Dictionary.storyboard */,
			);
			path = DictionaryScreen;
			sourceTree = "<group>";
		};
		085904F72927ED4C001E2A49 /* OperationCell */ = {
			isa = PBXGroup;
			children = (
				085904F22927ED3B001E2A49 /* OperationCell.swift */,
				085904F32927ED3B001E2A49 /* OperationCell.xib */,
			);
			path = OperationCell;
			sourceTree = "<group>";
		};
		08ABAE64292692BA00CA16EC = {
			isa = PBXGroup;
			children = (
				08ABAE6F292692BA00CA16EC /* Collections */,
				08ABAE6E292692BA00CA16EC /* Products */,
			);
			sourceTree = "<group>";
		};
		08ABAE6E292692BA00CA16EC /* Products */ = {
			isa = PBXGroup;
			children = (
				08ABAE6D292692BA00CA16EC /* Collections.app */,
			);
			name = Products;
			sourceTree = "<group>";
		};
		08ABAE6F292692BA00CA16EC /* Collections */ = {
			isa = PBXGroup;
			children = (
				08ABAE70292692BA00CA16EC /* AppDelegate.swift */,
				08ABAE72292692BA00CA16EC /* SceneDelegate.swift */,
				0822BECE2927DDDC008FF7C4 /* CollectionsScreen */,
				0822BED32927DE74008FF7C4 /* ArrayScreen */,
				08254FC42948E3FA0081F190 /* SetScreen */,
				083F11FF294B072A0076F59D /* DictionaryScreen */,
				085904F72927ED4C001E2A49 /* OperationCell */,
				08ABAE862926963F00CA16EC /* Constants.swift */,
				08ABAE79292692BC00CA16EC /* Assets.xcassets */,
				08ABAE7B292692BC00CA16EC /* LaunchScreen.storyboard */,
				08ABAE7E292692BC00CA16EC /* Info.plist */,
			);
			path = Collections;
			sourceTree = "<group>";
		};
/* End PBXGroup section */

/* Begin PBXNativeTarget section */
		08ABAE6C292692BA00CA16EC /* Collections */ = {
			isa = PBXNativeTarget;
			buildConfigurationList = 08ABAE81292692BC00CA16EC /* Build configuration list for PBXNativeTarget "Collections" */;
			buildPhases = (
				08ABAE69292692BA00CA16EC /* Sources */,
				08ABAE6A292692BA00CA16EC /* Frameworks */,
				08ABAE6B292692BA00CA16EC /* Resources */,
			);
			buildRules = (
			);
			dependencies = (
			);
			name = Collections;
			productName = Collections;
			productReference = 08ABAE6D292692BA00CA16EC /* Collections.app */;
			productType = "com.apple.product-type.application";
		};
/* End PBXNativeTarget section */

/* Begin PBXProject section */
		08ABAE65292692BA00CA16EC /* Project object */ = {
			isa = PBXProject;
			attributes = {
				BuildIndependentTargetsInParallel = 1;
				LastSwiftUpdateCheck = 1410;
				LastUpgradeCheck = 1410;
				TargetAttributes = {
					08ABAE6C292692BA00CA16EC = {
						CreatedOnToolsVersion = 14.1;
					};
				};
			};
			buildConfigurationList = 08ABAE68292692BA00CA16EC /* Build configuration list for PBXProject "Collections" */;
			compatibilityVersion = "Xcode 14.0";
			developmentRegion = en;
			hasScannedForEncodings = 0;
			knownRegions = (
				en,
				Base,
			);
			mainGroup = 08ABAE64292692BA00CA16EC;
			productRefGroup = 08ABAE6E292692BA00CA16EC /* Products */;
			projectDirPath = "";
			projectRoot = "";
			targets = (
				08ABAE6C292692BA00CA16EC /* Collections */,
			);
		};
/* End PBXProject section */

/* Begin PBXResourcesBuildPhase section */
		08ABAE6B292692BA00CA16EC /* Resources */ = {
			isa = PBXResourcesBuildPhase;
			buildActionMask = 2147483647;
			files = (
				08ABAE7D292692BC00CA16EC /* LaunchScreen.storyboard in Resources */,
				08254FC82948E4AF0081F190 /* Set.storyboard in Resources */,
				08ABAE7A292692BC00CA16EC /* Assets.xcassets in Resources */,
				08ABAE78292692BA00CA16EC /* Collections.storyboard in Resources */,
				0822BED02927DE02008FF7C4 /* Array.storyboard in Resources */,
				085904F52927ED3B001E2A49 /* OperationCell.xib in Resources */,
				083F120B294B2B310076F59D /* Dictionary.storyboard in Resources */,
			);
			runOnlyForDeploymentPostprocessing = 0;
		};
/* End PBXResourcesBuildPhase section */

/* Begin PBXSourcesBuildPhase section */
		08ABAE69292692BA00CA16EC /* Sources */ = {
			isa = PBXSourcesBuildPhase;
			buildActionMask = 2147483647;
			files = (
				0822BED22927DE1B008FF7C4 /* ArrayViewController.swift in Sources */,
				08254FC62948E4840081F190 /* SetViewController.swift in Sources */,
				08ABAE872926963F00CA16EC /* Constants.swift in Sources */,
				083F1201294B07D50076F59D /* DictionaryViewController.swift in Sources */,
				083F1205294B08220076F59D /* DictionaryOperation.swift in Sources */,
				08213776292A5E0100AE4DEA /* ArrayViewModel.swift in Sources */,
				083F1207294B084E0076F59D /* Contact.swift in Sources */,
				08ABAE852926962E00CA16EC /* CollectionsViewController.swift in Sources */,
				083F1203294B07FC0076F59D /* DictionaryViewModel.swift in Sources */,
				08254FCA2948E4C60081F190 /* SetViewModel.swift in Sources */,
				085904F42927ED3B001E2A49 /* OperationCell.swift in Sources */,
				08ABAE71292692BA00CA16EC /* AppDelegate.swift in Sources */,
				08ABAE73292692BA00CA16EC /* SceneDelegate.swift in Sources */,
				08B2932D29394EE100A79CFA /* ArrayOperation.swift in Sources */,
			);
			runOnlyForDeploymentPostprocessing = 0;
		};
/* End PBXSourcesBuildPhase section */

/* Begin PBXVariantGroup section */
		08ABAE76292692BA00CA16EC /* Collections.storyboard */ = {
			isa = PBXVariantGroup;
			children = (
				08ABAE77292692BA00CA16EC /* Base */,
			);
			name = Collections.storyboard;
			sourceTree = "<group>";
		};
		08ABAE7B292692BC00CA16EC /* LaunchScreen.storyboard */ = {
			isa = PBXVariantGroup;
			children = (
				08ABAE7C292692BC00CA16EC /* Base */,
			);
			name = LaunchScreen.storyboard;
			sourceTree = "<group>";
		};
/* End PBXVariantGroup section */

/* Begin XCBuildConfiguration section */
		08ABAE7F292692BC00CA16EC /* Debug */ = {
			isa = XCBuildConfiguration;
			buildSettings = {
				ALWAYS_SEARCH_USER_PATHS = NO;
				CLANG_ANALYZER_NONNULL = YES;
				CLANG_ANALYZER_NUMBER_OBJECT_CONVERSION = YES_AGGRESSIVE;
				CLANG_CXX_LANGUAGE_STANDARD = "gnu++20";
				CLANG_ENABLE_MODULES = YES;
				CLANG_ENABLE_OBJC_ARC = YES;
				CLANG_ENABLE_OBJC_WEAK = YES;
				CLANG_WARN_BLOCK_CAPTURE_AUTORELEASING = YES;
				CLANG_WARN_BOOL_CONVERSION = YES;
				CLANG_WARN_COMMA = YES;
				CLANG_WARN_CONSTANT_CONVERSION = YES;
				CLANG_WARN_DEPRECATED_OBJC_IMPLEMENTATIONS = YES;
				CLANG_WARN_DIRECT_OBJC_ISA_USAGE = YES_ERROR;
				CLANG_WARN_DOCUMENTATION_COMMENTS = YES;
				CLANG_WARN_EMPTY_BODY = YES;
				CLANG_WARN_ENUM_CONVERSION = YES;
				CLANG_WARN_INFINITE_RECURSION = YES;
				CLANG_WARN_INT_CONVERSION = YES;
				CLANG_WARN_NON_LITERAL_NULL_CONVERSION = YES;
				CLANG_WARN_OBJC_IMPLICIT_RETAIN_SELF = YES;
				CLANG_WARN_OBJC_LITERAL_CONVERSION = YES;
				CLANG_WARN_OBJC_ROOT_CLASS = YES_ERROR;
				CLANG_WARN_QUOTED_INCLUDE_IN_FRAMEWORK_HEADER = YES;
				CLANG_WARN_RANGE_LOOP_ANALYSIS = YES;
				CLANG_WARN_STRICT_PROTOTYPES = YES;
				CLANG_WARN_SUSPICIOUS_MOVE = YES;
				CLANG_WARN_UNGUARDED_AVAILABILITY = YES_AGGRESSIVE;
				CLANG_WARN_UNREACHABLE_CODE = YES;
				CLANG_WARN__DUPLICATE_METHOD_MATCH = YES;
				COPY_PHASE_STRIP = NO;
				DEBUG_INFORMATION_FORMAT = dwarf;
				ENABLE_STRICT_OBJC_MSGSEND = YES;
				ENABLE_TESTABILITY = YES;
				GCC_C_LANGUAGE_STANDARD = gnu11;
				GCC_DYNAMIC_NO_PIC = NO;
				GCC_NO_COMMON_BLOCKS = YES;
				GCC_OPTIMIZATION_LEVEL = 0;
				GCC_PREPROCESSOR_DEFINITIONS = (
					"DEBUG=1",
					"$(inherited)",
				);
				GCC_WARN_64_TO_32_BIT_CONVERSION = YES;
				GCC_WARN_ABOUT_RETURN_TYPE = YES_ERROR;
				GCC_WARN_UNDECLARED_SELECTOR = YES;
				GCC_WARN_UNINITIALIZED_AUTOS = YES_AGGRESSIVE;
				GCC_WARN_UNUSED_FUNCTION = YES;
				GCC_WARN_UNUSED_VARIABLE = YES;
				IPHONEOS_DEPLOYMENT_TARGET = 16.1;
				MTL_ENABLE_DEBUG_INFO = INCLUDE_SOURCE;
				MTL_FAST_MATH = YES;
				ONLY_ACTIVE_ARCH = YES;
				SDKROOT = iphoneos;
				SWIFT_ACTIVE_COMPILATION_CONDITIONS = DEBUG;
				SWIFT_OPTIMIZATION_LEVEL = "-Onone";
			};
			name = Debug;
		};
		08ABAE80292692BC00CA16EC /* Release */ = {
			isa = XCBuildConfiguration;
			buildSettings = {
				ALWAYS_SEARCH_USER_PATHS = NO;
				CLANG_ANALYZER_NONNULL = YES;
				CLANG_ANALYZER_NUMBER_OBJECT_CONVERSION = YES_AGGRESSIVE;
				CLANG_CXX_LANGUAGE_STANDARD = "gnu++20";
				CLANG_ENABLE_MODULES = YES;
				CLANG_ENABLE_OBJC_ARC = YES;
				CLANG_ENABLE_OBJC_WEAK = YES;
				CLANG_WARN_BLOCK_CAPTURE_AUTORELEASING = YES;
				CLANG_WARN_BOOL_CONVERSION = YES;
				CLANG_WARN_COMMA = YES;
				CLANG_WARN_CONSTANT_CONVERSION = YES;
				CLANG_WARN_DEPRECATED_OBJC_IMPLEMENTATIONS = YES;
				CLANG_WARN_DIRECT_OBJC_ISA_USAGE = YES_ERROR;
				CLANG_WARN_DOCUMENTATION_COMMENTS = YES;
				CLANG_WARN_EMPTY_BODY = YES;
				CLANG_WARN_ENUM_CONVERSION = YES;
				CLANG_WARN_INFINITE_RECURSION = YES;
				CLANG_WARN_INT_CONVERSION = YES;
				CLANG_WARN_NON_LITERAL_NULL_CONVERSION = YES;
				CLANG_WARN_OBJC_IMPLICIT_RETAIN_SELF = YES;
				CLANG_WARN_OBJC_LITERAL_CONVERSION = YES;
				CLANG_WARN_OBJC_ROOT_CLASS = YES_ERROR;
				CLANG_WARN_QUOTED_INCLUDE_IN_FRAMEWORK_HEADER = YES;
				CLANG_WARN_RANGE_LOOP_ANALYSIS = YES;
				CLANG_WARN_STRICT_PROTOTYPES = YES;
				CLANG_WARN_SUSPICIOUS_MOVE = YES;
				CLANG_WARN_UNGUARDED_AVAILABILITY = YES_AGGRESSIVE;
				CLANG_WARN_UNREACHABLE_CODE = YES;
				CLANG_WARN__DUPLICATE_METHOD_MATCH = YES;
				COPY_PHASE_STRIP = NO;
				DEBUG_INFORMATION_FORMAT = "dwarf-with-dsym";
				ENABLE_NS_ASSERTIONS = NO;
				ENABLE_STRICT_OBJC_MSGSEND = YES;
				GCC_C_LANGUAGE_STANDARD = gnu11;
				GCC_NO_COMMON_BLOCKS = YES;
				GCC_WARN_64_TO_32_BIT_CONVERSION = YES;
				GCC_WARN_ABOUT_RETURN_TYPE = YES_ERROR;
				GCC_WARN_UNDECLARED_SELECTOR = YES;
				GCC_WARN_UNINITIALIZED_AUTOS = YES_AGGRESSIVE;
				GCC_WARN_UNUSED_FUNCTION = YES;
				GCC_WARN_UNUSED_VARIABLE = YES;
				IPHONEOS_DEPLOYMENT_TARGET = 16.1;
				MTL_ENABLE_DEBUG_INFO = NO;
				MTL_FAST_MATH = YES;
				SDKROOT = iphoneos;
				SWIFT_COMPILATION_MODE = wholemodule;
				SWIFT_OPTIMIZATION_LEVEL = "-O";
				VALIDATE_PRODUCT = YES;
			};
			name = Release;
		};
		08ABAE82292692BC00CA16EC /* Debug */ = {
			isa = XCBuildConfiguration;
			buildSettings = {
				ASSETCATALOG_COMPILER_APPICON_NAME = AppIcon;
				ASSETCATALOG_COMPILER_GLOBAL_ACCENT_COLOR_NAME = AccentColor;
				CODE_SIGN_STYLE = Automatic;
				CURRENT_PROJECT_VERSION = 1;
				DEVELOPMENT_TEAM = 9PF2GLF6PD;
				GENERATE_INFOPLIST_FILE = YES;
				INFOPLIST_FILE = Collections/Info.plist;
				INFOPLIST_KEY_UIApplicationSupportsIndirectInputEvents = YES;
				INFOPLIST_KEY_UILaunchStoryboardName = LaunchScreen;
				INFOPLIST_KEY_UIMainStoryboardFile = Collections;
				INFOPLIST_KEY_UISupportedInterfaceOrientations = UIInterfaceOrientationPortrait;
				INFOPLIST_KEY_UISupportedInterfaceOrientations_iPad = "UIInterfaceOrientationLandscapeLeft UIInterfaceOrientationLandscapeRight UIInterfaceOrientationPortrait UIInterfaceOrientationPortraitUpsideDown";
				IPHONEOS_DEPLOYMENT_TARGET = 14.0;
				LD_RUNPATH_SEARCH_PATHS = (
					"$(inherited)",
					"@executable_path/Frameworks",
				);
				MARKETING_VERSION = 1.0;
				PRODUCT_BUNDLE_IDENTIFIER = com.Beavean.Anthony.Collections;
				PRODUCT_NAME = "$(TARGET_NAME)";
				SUPPORTED_PLATFORMS = "iphoneos iphonesimulator";
				SUPPORTS_MACCATALYST = NO;
				SUPPORTS_MAC_DESIGNED_FOR_IPHONE_IPAD = NO;
				SWIFT_EMIT_LOC_STRINGS = YES;
				SWIFT_VERSION = 5.0;
				TARGETED_DEVICE_FAMILY = 1;
			};
			name = Debug;
		};
		08ABAE83292692BC00CA16EC /* Release */ = {
			isa = XCBuildConfiguration;
			buildSettings = {
				ASSETCATALOG_COMPILER_APPICON_NAME = AppIcon;
				ASSETCATALOG_COMPILER_GLOBAL_ACCENT_COLOR_NAME = AccentColor;
				CODE_SIGN_STYLE = Automatic;
				CURRENT_PROJECT_VERSION = 1;
				DEVELOPMENT_TEAM = 9PF2GLF6PD;
				GENERATE_INFOPLIST_FILE = YES;
				INFOPLIST_FILE = Collections/Info.plist;
				INFOPLIST_KEY_UIApplicationSupportsIndirectInputEvents = YES;
				INFOPLIST_KEY_UILaunchStoryboardName = LaunchScreen;
				INFOPLIST_KEY_UIMainStoryboardFile = Collections;
				INFOPLIST_KEY_UISupportedInterfaceOrientations = UIInterfaceOrientationPortrait;
				INFOPLIST_KEY_UISupportedInterfaceOrientations_iPad = "UIInterfaceOrientationLandscapeLeft UIInterfaceOrientationLandscapeRight UIInterfaceOrientationPortrait UIInterfaceOrientationPortraitUpsideDown";
				IPHONEOS_DEPLOYMENT_TARGET = 14.0;
				LD_RUNPATH_SEARCH_PATHS = (
					"$(inherited)",
					"@executable_path/Frameworks",
				);
				MARKETING_VERSION = 1.0;
				PRODUCT_BUNDLE_IDENTIFIER = com.Beavean.Anthony.Collections;
				PRODUCT_NAME = "$(TARGET_NAME)";
				SUPPORTED_PLATFORMS = "iphoneos iphonesimulator";
				SUPPORTS_MACCATALYST = NO;
				SUPPORTS_MAC_DESIGNED_FOR_IPHONE_IPAD = NO;
				SWIFT_EMIT_LOC_STRINGS = YES;
				SWIFT_VERSION = 5.0;
				TARGETED_DEVICE_FAMILY = 1;
			};
			name = Release;
		};
/* End XCBuildConfiguration section */

/* Begin XCConfigurationList section */
		08ABAE68292692BA00CA16EC /* Build configuration list for PBXProject "Collections" */ = {
			isa = XCConfigurationList;
			buildConfigurations = (
				08ABAE7F292692BC00CA16EC /* Debug */,
				08ABAE80292692BC00CA16EC /* Release */,
			);
			defaultConfigurationIsVisible = 0;
			defaultConfigurationName = Release;
		};
		08ABAE81292692BC00CA16EC /* Build configuration list for PBXNativeTarget "Collections" */ = {
			isa = XCConfigurationList;
			buildConfigurations = (
				08ABAE82292692BC00CA16EC /* Debug */,
				08ABAE83292692BC00CA16EC /* Release */,
			);
			defaultConfigurationIsVisible = 0;
			defaultConfigurationName = Release;
		};
/* End XCConfigurationList section */
	};
	rootObject = 08ABAE65292692BA00CA16EC /* Project object */;
}
